<?xml version="1.0" encoding="utf-8"?>
<Project ToolsVersion="4.0" xmlns="http://schemas.microsoft.com/developer/msbuild/2003">
  <ItemGroup>
    <Filter Include="Source Files">
      <UniqueIdentifier>{4FC737F1-C7A5-4376-A066-2A32D752A2FF}</UniqueIdentifier>
      <Extensions>cpp;c;cc;cxx;def;odl;idl;hpj;bat;asm;asmx;h;hh;hpp;hxx;hm;inl;inc;xsd</Extensions>
    </Filter>
    <Filter Include="Resource Files">
      <UniqueIdentifier>{67DA6AB6-F800-4c08-8B7A-83BB121AAD01}</UniqueIdentifier>
      <Extensions>rc;ico;cur;bmp;dlg;rc2;rct;bin;rgs;gif;jpg;jpeg;jpe;resx;tiff;tif;png;wav;mfcribbon-ms</Extensions>
    </Filter>
    <Filter Include="Source Files\Logging">
      <UniqueIdentifier>{6804bf14-6aec-4e5d-862d-e0443462ae5e}</UniqueIdentifier>
    </Filter>
    <Filter Include="Source Files\Utility">
      <UniqueIdentifier>{63b36518-4315-4980-a301-5785729071fa}</UniqueIdentifier>
    </Filter>
    <Filter Include="Source Files\DAC">
      <UniqueIdentifier>{b01b1c30-ed44-430f-b4ca-1745c99dc9ca}</UniqueIdentifier>
    </Filter>
    <Filter Include="Source Files\Export">
      <UniqueIdentifier>{35e8915c-6938-41f9-b20f-6998fe411f76}</UniqueIdentifier>
    </Filter>
    <Filter Include="Source Files\CLR">
      <UniqueIdentifier>{69bb320c-b487-496a-8d7e-d42a7561b729}</UniqueIdentifier>
    </Filter>
    <Filter Include="Source Files\Exception Details">
      <UniqueIdentifier>{eeb2abc4-9eff-4295-b1d8-3f0b6a2a2d16}</UniqueIdentifier>
    </Filter>
  </ItemGroup>
  <ItemGroup>
    <ClInclude Include="PCH.h">
      <Filter>Source Files</Filter>
    </ClInclude>
    <ClInclude Include="Resource.h">
      <Filter>Source Files</Filter>
    </ClInclude>
    <ClInclude Include="PlatformTarget.h">
      <Filter>Source Files</Filter>
    </ClInclude>
    <ClInclude Include="Logger.h">
      <Filter>Source Files\Logging</Filter>
    </ClInclude>
    <ClInclude Include="CallbackThunk.h">
      <Filter>Source Files\Utility</Filter>
    </ClInclude>
    <ClInclude Include="DAC.h">
      <Filter>Source Files\DAC</Filter>
    </ClInclude>
    <ClInclude Include="DACTargetProvider.h">
      <Filter>Source Files\DAC</Filter>
    </ClInclude>
    <ClInclude Include="ThreadLocalStorage.h">
      <Filter>Source Files\Utility</Filter>
    </ClInclude>
    <ClInclude Include="GlobalEvents.h">
      <Filter>Source Files\Utility</Filter>
    </ClInclude>
    <ClInclude Include="ModuleHandle.h">
      <Filter>Source Files\Utility</Filter>
    </ClInclude>
    <ClInclude Include="OperationLog.h">
      <Filter>Source Files\Logging</Filter>
    </ClInclude>
    <ClInclude Include="ExceptionDumper.h">
      <Filter>Source Files\DAC</Filter>
    </ClInclude>
    <ClInclude Include="StackData.h">
      <Filter>Source Files\Exception Details</Filter>
    </ClInclude>
    <ClInclude Include="FrameData.h">
      <Filter>Source Files\Exception Details</Filter>
    </ClInclude>
    <ClInclude Include="ObjectDescriptor2.h">
      <Filter>Source Files\Exception Details</Filter>
    </ClInclude>
    <ClInclude Include="UnknownValue.h">
      <Filter>Source Files\Exception Details</Filter>
    </ClInclude>
    <ClInclude Include="NullValue.h">
      <Filter>Source Files\Exception Details</Filter>
    </ClInclude>
    <ClInclude Include="ArrayValue.h">
      <Filter>Source Files\Exception Details</Filter>
    </ClInclude>
    <ClInclude Include="StringValue.h">
      <Filter>Source Files\Exception Details</Filter>
    </ClInclude>
    <ClInclude Include="RawValue.h">
      <Filter>Source Files\Exception Details</Filter>
    </ClInclude>
    <ClInclude Include="StackLogger.h">
      <Filter>Source Files\Export</Filter>
    </ClInclude>
    <ClInclude Include="ComplexValue.h">
      <Filter>Source Files\Exception Details</Filter>
    </ClInclude>
  </ItemGroup>
  <ItemGroup>
    <ClCompile Include="PCH.cpp">
      <Filter>Source Files</Filter>
    </ClCompile>
    <ClCompile Include="Main.cpp">
      <Filter>Source Files</Filter>
    </ClCompile>
    <ClCompile Include="Logger.cpp">
      <Filter>Source Files\Logging</Filter>
    </ClCompile>
    <ClCompile Include="CallbackThunk.cpp">
      <Filter>Source Files\Utility</Filter>
    </ClCompile>
    <ClCompile Include="DAC.cpp">
      <Filter>Source Files\DAC</Filter>
    </ClCompile>
    <ClCompile Include="DACTargetProvider.cpp">
      <Filter>Source Files\DAC</Filter>
    </ClCompile>
    <ClCompile Include="ThreadLocalStorage.cpp">
      <Filter>Source Files\Utility</Filter>
    </ClCompile>
    <ClCompile Include="GlobalEvents.cpp">
      <Filter>Source Files\Utility</Filter>
    </ClCompile>
    <ClCompile Include="ModuleHandle.cpp">
      <Filter>Source Files\Utility</Filter>
    </ClCompile>
    <ClCompile Include="OperationLog.cpp">
      <Filter>Source Files\Logging</Filter>
    </ClCompile>
    <ClCompile Include="ExceptionDumper.cpp">
      <Filter>Source Files\DAC</Filter>
    </ClCompile>
    <ClCompile Include="StackData.cpp">
      <Filter>Source Files\Exception Details</Filter>
    </ClCompile>
    <ClCompile Include="FrameData.cpp">
      <Filter>Source Files\Exception Details</Filter>
    </ClCompile>
    <ClCompile Include="ObjectDescriptor2.cpp">
      <Filter>Source Files\Exception Details</Filter>
    </ClCompile>
    <ClCompile Include="UnknownValue.cpp">
      <Filter>Source Files\Exception Details</Filter>
    </ClCompile>
    <ClCompile Include="NullValue.cpp">
      <Filter>Source Files\Exception Details</Filter>
    </ClCompile>
    <ClCompile Include="ArrayValue.cpp">
      <Filter>Source Files\Exception Details</Filter>
    </ClCompile>
    <ClCompile Include="StringValue.cpp">
      <Filter>Source Files\Exception Details</Filter>
    </ClCompile>
    <ClCompile Include="RawValue.cpp">
      <Filter>Source Files\Exception Details</Filter>
    </ClCompile>
    <ClCompile Include="StackLogger.cpp">
      <Filter>Source Files\Export</Filter>
    </ClCompile>
    <ClCompile Include="ComplexValue.cpp">
      <Filter>Source Files\Exception Details</Filter>
    </ClCompile>
  </ItemGroup>
  <ItemGroup>
    <ResourceCompile Include="Jetabroad.StackLogger.Logger.rc">
      <Filter>Resource Files</Filter>
    </ResourceCompile>
  </ItemGroup>
  <ItemGroup>
    <Midl Include="Jetabroad.StackLogger.Logger.idl">
      <Filter>Source Files\Export</Filter>
    </Midl>
    <Midl Include="clrdata.idl">
      <Filter>Source Files\CLR</Filter>
    </Midl>
    <Midl Include="xclrdata.idl">
      <Filter>Source Files\CLR</Filter>
    </Midl>
  </ItemGroup>
  <ItemGroup>
    <None Include="packages.config" />
    <None Include="Jetabroad.StackLogger.Logger.def">
      <Filter>Source Files\Export</Filter>
    </None>
  </ItemGroup>
  <ItemGroup>
    <Manifest Include="Jetabroad.StackLogger.Logger.manifest" />
  </ItemGroup>
</Project>